// !$*UTF8*$!
{
	archiveVersion = 1;
	classes = {
	};
	objectVersion = 48;
	objects = {

/* Begin PBXBuildFile section */
		D011D9FF1FB12C28002F95D7 /* AppDelegate.swift in Sources */ = {isa = PBXBuildFile; fileRef = D011D9FE1FB12C28002F95D7 /* AppDelegate.swift */; };
		D011DA011FB12C28002F95D7 /* MenuViewController.swift in Sources */ = {isa = PBXBuildFile; fileRef = D011DA001FB12C28002F95D7 /* MenuViewController.swift */; };
		D011DA041FB12C28002F95D7 /* Main.storyboard in Resources */ = {isa = PBXBuildFile; fileRef = D011DA021FB12C28002F95D7 /* Main.storyboard */; };
		D011DA061FB12C28002F95D7 /* Assets.xcassets in Resources */ = {isa = PBXBuildFile; fileRef = D011DA051FB12C28002F95D7 /* Assets.xcassets */; };
		D011DA091FB12C28002F95D7 /* LaunchScreen.storyboard in Resources */ = {isa = PBXBuildFile; fileRef = D011DA071FB12C28002F95D7 /* LaunchScreen.storyboard */; };
		D0254CA91FCA3F5500328134 /* Constants.swift in Sources */ = {isa = PBXBuildFile; fileRef = D0254CA81FCA3F5500328134 /* Constants.swift */; };
		D04BB61F1FC26365003A556F /* SearchTimelineViewController.swift in Sources */ = {isa = PBXBuildFile; fileRef = D04BB61E1FC26365003A556F /* SearchTimelineViewController.swift */; };
		D057A0471FCDCE0700159677 /* LocationFinder.swift in Sources */ = {isa = PBXBuildFile; fileRef = D057A0461FCDCE0700159677 /* LocationFinder.swift */; };
		D05E53C21FCF1B56003F5790 /* FavoritePhotosMapViewController.swift in Sources */ = {isa = PBXBuildFile; fileRef = D05E53C11FCF1B56003F5790 /* FavoritePhotosMapViewController.swift */; };
		D063089C1FC321F60017245B /* Persistance.swift in Sources */ = {isa = PBXBuildFile; fileRef = D063089B1FC321F60017245B /* Persistance.swift */; };
		D063089E1FC324EB0017245B /* FavoriteIdentification.swift in Sources */ = {isa = PBXBuildFile; fileRef = D063089D1FC324EB0017245B /* FavoriteIdentification.swift */; };
		D06A5DF11FB688A500684AFE /* PhotoIdentificationViewController.swift in Sources */ = {isa = PBXBuildFile; fileRef = D06A5DF01FB688A500684AFE /* PhotoIdentificationViewController.swift */; };
		D06A5DF31FB6A9C800684AFE /* GoogleVisionAPIManager.swift in Sources */ = {isa = PBXBuildFile; fileRef = D06A5DF21FB6A9C800684AFE /* GoogleVisionAPIManager.swift */; };
		D08F2CA51FD25634008F30BC /* FavoriteView.swift in Sources */ = {isa = PBXBuildFile; fileRef = D08F2CA41FD25634008F30BC /* FavoriteView.swift */; };
		D09163511FBFC74F003D7A84 /* WikipediaAPIManager.swift in Sources */ = {isa = PBXBuildFile; fileRef = D09163501FBFC74E003D7A84 /* WikipediaAPIManager.swift */; };
		D09163531FBFC7B6003D7A84 /* WikipediaResult.swift in Sources */ = {isa = PBXBuildFile; fileRef = D09163521FBFC7B6003D7A84 /* WikipediaResult.swift */; };
		D097B01D1FC1411500A4DA82 /* String+Extensions.swift in Sources */ = {isa = PBXBuildFile; fileRef = D097B01C1FC1411500A4DA82 /* String+Extensions.swift */; };
		D0B70F9F1FBF9F3800701265 /* GoogleVisionResponse.swift in Sources */ = {isa = PBXBuildFile; fileRef = D0B70F9E1FBF9F3800701265 /* GoogleVisionResponse.swift */; };
		D0B70FA31FBFA26F00701265 /* GoogleVisionResult.swift in Sources */ = {isa = PBXBuildFile; fileRef = D0B70FA21FBFA26F00701265 /* GoogleVisionResult.swift */; };
		D0D37F381FBD49CF00AE0473 /* PhotoDetailsViewController.swift in Sources */ = {isa = PBXBuildFile; fileRef = D0D37F371FBD49CF00AE0473 /* PhotoDetailsViewController.swift */; };
		D0EEF5D21FC3383600A0FC04 /* FavoritePhotosTableViewController.swift in Sources */ = {isa = PBXBuildFile; fileRef = D0EEF5D11FC3383600A0FC04 /* FavoritePhotosTableViewController.swift */; };
		D0EEF5D41FC3431C00A0FC04 /* FavoriteTableViewCell.swift in Sources */ = {isa = PBXBuildFile; fileRef = D0EEF5D31FC3431C00A0FC04 /* FavoriteTableViewCell.swift */; };
		D0FA3F0C1FBB59C300250E2C /* GoogleVisionLabel.swift in Sources */ = {isa = PBXBuildFile; fileRef = D0FA3F0B1FBB59C300250E2C /* GoogleVisionLabel.swift */; };
		E2BCFE1F0941B22718F0041B /* Pods_WhatsThat.framework in Frameworks */ = {isa = PBXBuildFile; fileRef = 87B2F6A0C7D08DA63064CD27 /* Pods_WhatsThat.framework */; };
/* End PBXBuildFile section */

/* Begin PBXFileReference section */
		87B2F6A0C7D08DA63064CD27 /* Pods_WhatsThat.framework */ = {isa = PBXFileReference; explicitFileType = wrapper.framework; includeInIndex = 0; path = Pods_WhatsThat.framework; sourceTree = BUILT_PRODUCTS_DIR; };
		968F28E9495644709516B82B /* Pods-WhatsThat.debug.xcconfig */ = {isa = PBXFileReference; includeInIndex = 1; lastKnownFileType = text.xcconfig; name = "Pods-WhatsThat.debug.xcconfig"; path = "Pods/Target Support Files/Pods-WhatsThat/Pods-WhatsThat.debug.xcconfig"; sourceTree = "<group>"; };
		D011D9FB1FB12C28002F95D7 /* WhatsThat.app */ = {isa = PBXFileReference; explicitFileType = wrapper.application; includeInIndex = 0; path = WhatsThat.app; sourceTree = BUILT_PRODUCTS_DIR; };
		D011D9FE1FB12C28002F95D7 /* AppDelegate.swift */ = {isa = PBXFileReference; lastKnownFileType = sourcecode.swift; path = AppDelegate.swift; sourceTree = "<group>"; };
		D011DA001FB12C28002F95D7 /* MenuViewController.swift */ = {isa = PBXFileReference; lastKnownFileType = sourcecode.swift; path = MenuViewController.swift; sourceTree = "<group>"; };
		D011DA031FB12C28002F95D7 /* Base */ = {isa = PBXFileReference; lastKnownFileType = file.storyboard; name = Base; path = Base.lproj/Main.storyboard; sourceTree = "<group>"; };
		D011DA051FB12C28002F95D7 /* Assets.xcassets */ = {isa = PBXFileReference; lastKnownFileType = folder.assetcatalog; path = Assets.xcassets; sourceTree = "<group>"; };
		D011DA081FB12C28002F95D7 /* Base */ = {isa = PBXFileReference; lastKnownFileType = file.storyboard; name = Base; path = Base.lproj/LaunchScreen.storyboard; sourceTree = "<group>"; };
		D011DA0A1FB12C28002F95D7 /* Info.plist */ = {isa = PBXFileReference; lastKnownFileType = text.plist.xml; path = Info.plist; sourceTree = "<group>"; };
		D0254CA81FCA3F5500328134 /* Constants.swift */ = {isa = PBXFileReference; lastKnownFileType = sourcecode.swift; path = Constants.swift; sourceTree = "<group>"; };
		D04BB61E1FC26365003A556F /* SearchTimelineViewController.swift */ = {isa = PBXFileReference; lastKnownFileType = sourcecode.swift; path = SearchTimelineViewController.swift; sourceTree = "<group>"; };
		D057A0461FCDCE0700159677 /* LocationFinder.swift */ = {isa = PBXFileReference; lastKnownFileType = sourcecode.swift; path = LocationFinder.swift; sourceTree = "<group>"; };
		D05E53C11FCF1B56003F5790 /* FavoritePhotosMapViewController.swift */ = {isa = PBXFileReference; lastKnownFileType = sourcecode.swift; path = FavoritePhotosMapViewController.swift; sourceTree = "<group>"; };
		D063089B1FC321F60017245B /* Persistance.swift */ = {isa = PBXFileReference; lastKnownFileType = sourcecode.swift; path = Persistance.swift; sourceTree = "<group>"; };
		D063089D1FC324EB0017245B /* FavoriteIdentification.swift */ = {isa = PBXFileReference; lastKnownFileType = sourcecode.swift; path = FavoriteIdentification.swift; sourceTree = "<group>"; };
		D06A5DF01FB688A500684AFE /* PhotoIdentificationViewController.swift */ = {isa = PBXFileReference; lastKnownFileType = sourcecode.swift; path = PhotoIdentificationViewController.swift; sourceTree = "<group>"; };
		D06A5DF21FB6A9C800684AFE /* GoogleVisionAPIManager.swift */ = {isa = PBXFileReference; lastKnownFileType = sourcecode.swift; path = GoogleVisionAPIManager.swift; sourceTree = "<group>"; };
		D071EBFC1FB22A0900A65760 /* README.md */ = {isa = PBXFileReference; lastKnownFileType = net.daringfireball.markdown; path = README.md; sourceTree = "<group>"; };
		D08F2CA41FD25634008F30BC /* FavoriteView.swift */ = {isa = PBXFileReference; lastKnownFileType = sourcecode.swift; path = FavoriteView.swift; sourceTree = "<group>"; };
		D09163501FBFC74E003D7A84 /* WikipediaAPIManager.swift */ = {isa = PBXFileReference; lastKnownFileType = sourcecode.swift; path = WikipediaAPIManager.swift; sourceTree = "<group>"; };
		D09163521FBFC7B6003D7A84 /* WikipediaResult.swift */ = {isa = PBXFileReference; lastKnownFileType = sourcecode.swift; path = WikipediaResult.swift; sourceTree = "<group>"; };
		D097B01C1FC1411500A4DA82 /* String+Extensions.swift */ = {isa = PBXFileReference; lastKnownFileType = sourcecode.swift; path = "String+Extensions.swift"; sourceTree = "<group>"; };
		D0B70F9E1FBF9F3800701265 /* GoogleVisionResponse.swift */ = {isa = PBXFileReference; lastKnownFileType = sourcecode.swift; path = GoogleVisionResponse.swift; sourceTree = "<group>"; };
		D0B70FA21FBFA26F00701265 /* GoogleVisionResult.swift */ = {isa = PBXFileReference; lastKnownFileType = sourcecode.swift; path = GoogleVisionResult.swift; sourceTree = "<group>"; };
		D0D37F371FBD49CF00AE0473 /* PhotoDetailsViewController.swift */ = {isa = PBXFileReference; lastKnownFileType = sourcecode.swift; path = PhotoDetailsViewController.swift; sourceTree = "<group>"; };
		D0EEF5D11FC3383600A0FC04 /* FavoritePhotosTableViewController.swift */ = {isa = PBXFileReference; lastKnownFileType = sourcecode.swift; path = FavoritePhotosTableViewController.swift; sourceTree = "<group>"; };
		D0EEF5D31FC3431C00A0FC04 /* FavoriteTableViewCell.swift */ = {isa = PBXFileReference; lastKnownFileType = sourcecode.swift; path = FavoriteTableViewCell.swift; sourceTree = "<group>"; };
		D0FA3F0B1FBB59C300250E2C /* GoogleVisionLabel.swift */ = {isa = PBXFileReference; lastKnownFileType = sourcecode.swift; path = GoogleVisionLabel.swift; sourceTree = "<group>"; };
		F7C4ABD3181528B1B2428CEC /* Pods-WhatsThat.release.xcconfig */ = {isa = PBXFileReference; includeInIndex = 1; lastKnownFileType = text.xcconfig; name = "Pods-WhatsThat.release.xcconfig"; path = "Pods/Target Support Files/Pods-WhatsThat/Pods-WhatsThat.release.xcconfig"; sourceTree = "<group>"; };
/* End PBXFileReference section */

/* Begin PBXFrameworksBuildPhase section */
		D011D9F81FB12C28002F95D7 /* Frameworks */ = {
			isa = PBXFrameworksBuildPhase;
			buildActionMask = 2147483647;
			files = (
				E2BCFE1F0941B22718F0041B /* Pods_WhatsThat.framework in Frameworks */,
			);
			runOnlyForDeploymentPostprocessing = 0;
		};
/* End PBXFrameworksBuildPhase section */

/* Begin PBXGroup section */
		41C76E4819AFFB4E38087888 /* Pods */ = {
			isa = PBXGroup;
			children = (
				968F28E9495644709516B82B /* Pods-WhatsThat.debug.xcconfig */,
				F7C4ABD3181528B1B2428CEC /* Pods-WhatsThat.release.xcconfig */,
			);
			name = Pods;
			sourceTree = "<group>";
		};
		BE3486FABD35634092C8BB1F /* Frameworks */ = {
			isa = PBXGroup;
			children = (
				87B2F6A0C7D08DA63064CD27 /* Pods_WhatsThat.framework */,
			);
			name = Frameworks;
			sourceTree = "<group>";
		};
		D011D9F21FB12C28002F95D7 = {
			isa = PBXGroup;
			children = (
				D071EBFC1FB22A0900A65760 /* README.md */,
				D011D9FD1FB12C28002F95D7 /* WhatsThat */,
				D011D9FC1FB12C28002F95D7 /* Products */,
				41C76E4819AFFB4E38087888 /* Pods */,
				BE3486FABD35634092C8BB1F /* Frameworks */,
			);
			sourceTree = "<group>";
		};
		D011D9FC1FB12C28002F95D7 /* Products */ = {
			isa = PBXGroup;
			children = (
				D011D9FB1FB12C28002F95D7 /* WhatsThat.app */,
			);
			name = Products;
			sourceTree = "<group>";
		};
		D011D9FD1FB12C28002F95D7 /* WhatsThat */ = {
			isa = PBXGroup;
			children = (
				D011D9FE1FB12C28002F95D7 /* AppDelegate.swift */,
				D011DA0A1FB12C28002F95D7 /* Info.plist */,
				D011DA101FB12FB8002F95D7 /* models */,
				D071EBFB1FB229C900A65760 /* views */,
				D011DA121FB12FD9002F95D7 /* view controllers */,
				D011DA111FB12FCD002F95D7 /* utils */,
			);
			path = WhatsThat;
			sourceTree = "<group>";
		};
		D011DA101FB12FB8002F95D7 /* models */ = {
			isa = PBXGroup;
			children = (
				D0FA3F0B1FBB59C300250E2C /* GoogleVisionLabel.swift */,
				D0B70F9E1FBF9F3800701265 /* GoogleVisionResponse.swift */,
				D0B70FA21FBFA26F00701265 /* GoogleVisionResult.swift */,
				D09163521FBFC7B6003D7A84 /* WikipediaResult.swift */,
				D063089D1FC324EB0017245B /* FavoriteIdentification.swift */,
			);
			path = models;
			sourceTree = "<group>";
		};
		D011DA111FB12FCD002F95D7 /* utils */ = {
			isa = PBXGroup;
			children = (
				D06A5DF21FB6A9C800684AFE /* GoogleVisionAPIManager.swift */,
				D09163501FBFC74E003D7A84 /* WikipediaAPIManager.swift */,
				D097B01C1FC1411500A4DA82 /* String+Extensions.swift */,
				D063089B1FC321F60017245B /* Persistance.swift */,
				D0254CA81FCA3F5500328134 /* Constants.swift */,
				D057A0461FCDCE0700159677 /* LocationFinder.swift */,
			);
			path = utils;
			sourceTree = "<group>";
		};
		D011DA121FB12FD9002F95D7 /* view controllers */ = {
			isa = PBXGroup;
			children = (
				D011DA001FB12C28002F95D7 /* MenuViewController.swift */,
				D06A5DF01FB688A500684AFE /* PhotoIdentificationViewController.swift */,
				D0D37F371FBD49CF00AE0473 /* PhotoDetailsViewController.swift */,
				D04BB61E1FC26365003A556F /* SearchTimelineViewController.swift */,
				D0EEF5D11FC3383600A0FC04 /* FavoritePhotosTableViewController.swift */,
				D05E53C11FCF1B56003F5790 /* FavoritePhotosMapViewController.swift */,
			);
			path = "view controllers";
			sourceTree = "<group>";
		};
		D071EBFB1FB229C900A65760 /* views */ = {
			isa = PBXGroup;
			children = (
				D011DA021FB12C28002F95D7 /* Main.storyboard */,
				D011DA051FB12C28002F95D7 /* Assets.xcassets */,
				D011DA071FB12C28002F95D7 /* LaunchScreen.storyboard */,
				D0EEF5D31FC3431C00A0FC04 /* FavoriteTableViewCell.swift */,
				D08F2CA41FD25634008F30BC /* FavoriteView.swift */,
			);
			path = views;
			sourceTree = "<group>";
		};
/* End PBXGroup section */

/* Begin PBXNativeTarget section */
		D011D9FA1FB12C28002F95D7 /* WhatsThat */ = {
			isa = PBXNativeTarget;
			buildConfigurationList = D011DA0D1FB12C28002F95D7 /* Build configuration list for PBXNativeTarget "WhatsThat" */;
			buildPhases = (
				157347C3B5EC99DEECD20809 /* [CP] Check Pods Manifest.lock */,
				D011D9F71FB12C28002F95D7 /* Sources */,
				D011D9F81FB12C28002F95D7 /* Frameworks */,
				D011D9F91FB12C28002F95D7 /* Resources */,
				4C3D0756E30BA009E543A845 /* [CP] Embed Pods Frameworks */,
				5EAC0C8441A35B85932586E6 /* [CP] Copy Pods Resources */,
			);
			buildRules = (
			);
			dependencies = (
			);
			name = WhatsThat;
			productName = WhatsThat;
			productReference = D011D9FB1FB12C28002F95D7 /* WhatsThat.app */;
			productType = "com.apple.product-type.application";
		};
/* End PBXNativeTarget section */

/* Begin PBXProject section */
		D011D9F31FB12C28002F95D7 /* Project object */ = {
			isa = PBXProject;
			attributes = {
				LastSwiftUpdateCheck = 0900;
				LastUpgradeCheck = 0900;
				ORGANIZATIONNAME = GWU;
				TargetAttributes = {
					D011D9FA1FB12C28002F95D7 = {
						CreatedOnToolsVersion = 9.0.1;
						ProvisioningStyle = Automatic;
					};
				};
			};
			buildConfigurationList = D011D9F61FB12C28002F95D7 /* Build configuration list for PBXProject "WhatsThat" */;
			compatibilityVersion = "Xcode 8.0";
			developmentRegion = en;
			hasScannedForEncodings = 0;
			knownRegions = (
				en,
				Base,
			);
			mainGroup = D011D9F21FB12C28002F95D7;
			productRefGroup = D011D9FC1FB12C28002F95D7 /* Products */;
			projectDirPath = "";
			projectRoot = "";
			targets = (
				D011D9FA1FB12C28002F95D7 /* WhatsThat */,
			);
		};
/* End PBXProject section */

/* Begin PBXResourcesBuildPhase section */
		D011D9F91FB12C28002F95D7 /* Resources */ = {
			isa = PBXResourcesBuildPhase;
			buildActionMask = 2147483647;
			files = (
				D011DA091FB12C28002F95D7 /* LaunchScreen.storyboard in Resources */,
				D011DA061FB12C28002F95D7 /* Assets.xcassets in Resources */,
				D011DA041FB12C28002F95D7 /* Main.storyboard in Resources */,
			);
			runOnlyForDeploymentPostprocessing = 0;
		};
/* End PBXResourcesBuildPhase section */

/* Begin PBXShellScriptBuildPhase section */
		157347C3B5EC99DEECD20809 /* [CP] Check Pods Manifest.lock */ = {
			isa = PBXShellScriptBuildPhase;
			buildActionMask = 2147483647;
			files = (
			);
			inputPaths = (
				"${PODS_PODFILE_DIR_PATH}/Podfile.lock",
				"${PODS_ROOT}/Manifest.lock",
			);
			name = "[CP] Check Pods Manifest.lock";
			outputPaths = (
				"$(DERIVED_FILE_DIR)/Pods-WhatsThat-checkManifestLockResult.txt",
			);
			runOnlyForDeploymentPostprocessing = 0;
			shellPath = /bin/sh;
			shellScript = "diff \"${PODS_PODFILE_DIR_PATH}/Podfile.lock\" \"${PODS_ROOT}/Manifest.lock\" > /dev/null\nif [ $? != 0 ] ; then\n    # print error to STDERR\n    echo \"error: The sandbox is not in sync with the Podfile.lock. Run 'pod install' or update your CocoaPods installation.\" >&2\n    exit 1\nfi\n# This output is used by Xcode 'outputs' to avoid re-running this script phase.\necho \"SUCCESS\" > \"${SCRIPT_OUTPUT_FILE_0}\"\n";
			showEnvVarsInLog = 0;
		};
		4C3D0756E30BA009E543A845 /* [CP] Embed Pods Frameworks */ = {
			isa = PBXShellScriptBuildPhase;
			buildActionMask = 2147483647;
			files = (
			);
			inputPaths = (
				"${SRCROOT}/Pods/Target Support Files/Pods-WhatsThat/Pods-WhatsThat-frameworks.sh",
				"${BUILT_PRODUCTS_DIR}/Alamofire/Alamofire.framework",
				"${BUILT_PRODUCTS_DIR}/AlamofireImage/AlamofireImage.framework",
				"${BUILT_PRODUCTS_DIR}/MBProgressHUD/MBProgressHUD.framework",
			);
			name = "[CP] Embed Pods Frameworks";
			outputPaths = (
				"${TARGET_BUILD_DIR}/${FRAMEWORKS_FOLDER_PATH}/Alamofire.framework",
				"${TARGET_BUILD_DIR}/${FRAMEWORKS_FOLDER_PATH}/AlamofireImage.framework",
				"${TARGET_BUILD_DIR}/${FRAMEWORKS_FOLDER_PATH}/MBProgressHUD.framework",
			);
			runOnlyForDeploymentPostprocessing = 0;
			shellPath = /bin/sh;
			shellScript = "\"${SRCROOT}/Pods/Target Support Files/Pods-WhatsThat/Pods-WhatsThat-frameworks.sh\"\n";
			showEnvVarsInLog = 0;
		};
		5EAC0C8441A35B85932586E6 /* [CP] Copy Pods Resources */ = {
			isa = PBXShellScriptBuildPhase;
			buildActionMask = 2147483647;
			files = (
			);
			inputPaths = (
				"${SRCROOT}/Pods/Target Support Files/Pods-WhatsThat/Pods-WhatsThat-resources.sh",
				"${PODS_ROOT}/TwitterKit/iOS/TwitterKit.framework/TwitterKitResources.bundle",
				"${PODS_ROOT}/TwitterKit/iOS/TwitterKit.framework/TwitterShareExtensionUIResources.bundle",
			);
			name = "[CP] Copy Pods Resources";
			outputPaths = (
				"${TARGET_BUILD_DIR}/${UNLOCALIZED_RESOURCES_FOLDER_PATH}",
			);
			runOnlyForDeploymentPostprocessing = 0;
			shellPath = /bin/sh;
			shellScript = "\"${SRCROOT}/Pods/Target Support Files/Pods-WhatsThat/Pods-WhatsThat-resources.sh\"\n";
			showEnvVarsInLog = 0;
		};
/* End PBXShellScriptBuildPhase section */

/* Begin PBXSourcesBuildPhase section */
		D011D9F71FB12C28002F95D7 /* Sources */ = {
			isa = PBXSourcesBuildPhase;
			buildActionMask = 2147483647;
			files = (
				D0D37F381FBD49CF00AE0473 /* PhotoDetailsViewController.swift in Sources */,
				D0254CA91FCA3F5500328134 /* Constants.swift in Sources */,
				D04BB61F1FC26365003A556F /* SearchTimelineViewController.swift in Sources */,
				D0B70FA31FBFA26F00701265 /* GoogleVisionResult.swift in Sources */,
				D0B70F9F1FBF9F3800701265 /* GoogleVisionResponse.swift in Sources */,
				D09163531FBFC7B6003D7A84 /* WikipediaResult.swift in Sources */,
				D057A0471FCDCE0700159677 /* LocationFinder.swift in Sources */,
				D097B01D1FC1411500A4DA82 /* String+Extensions.swift in Sources */,
				D08F2CA51FD25634008F30BC /* FavoriteView.swift in Sources */,
				D0EEF5D41FC3431C00A0FC04 /* FavoriteTableViewCell.swift in Sources */,
				D0EEF5D21FC3383600A0FC04 /* FavoritePhotosTableViewController.swift in Sources */,
				D011DA011FB12C28002F95D7 /* MenuViewController.swift in Sources */,
				D063089C1FC321F60017245B /* Persistance.swift in Sources */,
				D0FA3F0C1FBB59C300250E2C /* GoogleVisionLabel.swift in Sources */,
				D063089E1FC324EB0017245B /* FavoriteIdentification.swift in Sources */,
				D06A5DF11FB688A500684AFE /* PhotoIdentificationViewController.swift in Sources */,
				D05E53C21FCF1B56003F5790 /* FavoritePhotosMapViewController.swift in Sources */,
				D06A5DF31FB6A9C800684AFE /* GoogleVisionAPIManager.swift in Sources */,
				D09163511FBFC74F003D7A84 /* WikipediaAPIManager.swift in Sources */,
				D011D9FF1FB12C28002F95D7 /* AppDelegate.swift in Sources */,
			);
			runOnlyForDeploymentPostprocessing = 0;
		};
/* End PBXSourcesBuildPhase section */

/* Begin PBXVariantGroup section */
		D011DA021FB12C28002F95D7 /* Main.storyboard */ = {
			isa = PBXVariantGroup;
			children = (
				D011DA031FB12C28002F95D7 /* Base */,
			);
			name = Main.storyboard;
			sourceTree = "<group>";
		};
		D011DA071FB12C28002F95D7 /* LaunchScreen.storyboard */ = {
			isa = PBXVariantGroup;
			children = (
				D011DA081FB12C28002F95D7 /* Base */,
			);
			name = LaunchScreen.storyboard;
			sourceTree = "<group>";
		};
/* End PBXVariantGroup section */

/* Begin XCBuildConfiguration section */
		D011DA0B1FB12C28002F95D7 /* Debug */ = {
			isa = XCBuildConfiguration;
			buildSettings = {
				ALWAYS_SEARCH_USER_PATHS = NO;
				CLANG_ANALYZER_NONNULL = YES;
				CLANG_ANALYZER_NUMBER_OBJECT_CONVERSION = YES_AGGRESSIVE;
				CLANG_CXX_LANGUAGE_STANDARD = "gnu++14";
				CLANG_CXX_LIBRARY = "libc++";
				CLANG_ENABLE_MODULES = YES;
				CLANG_ENABLE_OBJC_ARC = YES;
				CLANG_WARN_BLOCK_CAPTURE_AUTORELEASING = YES;
				CLANG_WARN_BOOL_CONVERSION = YES;
				CLANG_WARN_COMMA = YES;
				CLANG_WARN_CONSTANT_CONVERSION = YES;
				CLANG_WARN_DIRECT_OBJC_ISA_USAGE = YES_ERROR;
				CLANG_WARN_DOCUMENTATION_COMMENTS = YES;
				CLANG_WARN_EMPTY_BODY = YES;
				CLANG_WARN_ENUM_CONVERSION = YES;
				CLANG_WARN_INFINITE_RECURSION = YES;
				CLANG_WARN_INT_CONVERSION = YES;
				CLANG_WARN_NON_LITERAL_NULL_CONVERSION = YES;
				CLANG_WARN_OBJC_LITERAL_CONVERSION = YES;
				CLANG_WARN_OBJC_ROOT_CLASS = YES_ERROR;
				CLANG_WARN_RANGE_LOOP_ANALYSIS = YES;
				CLANG_WARN_STRICT_PROTOTYPES = YES;
				CLANG_WARN_SUSPICIOUS_MOVE = YES;
				CLANG_WARN_UNGUARDED_AVAILABILITY = YES_AGGRESSIVE;
				CLANG_WARN_UNREACHABLE_CODE = YES;
				CLANG_WARN__DUPLICATE_METHOD_MATCH = YES;
				CODE_SIGN_IDENTITY = "iPhone Developer";
				COPY_PHASE_STRIP = NO;
				DEBUG_INFORMATION_FORMAT = dwarf;
				ENABLE_STRICT_OBJC_MSGSEND = YES;
				ENABLE_TESTABILITY = YES;
				GCC_C_LANGUAGE_STANDARD = gnu11;
				GCC_DYNAMIC_NO_PIC = NO;
				GCC_NO_COMMON_BLOCKS = YES;
				GCC_OPTIMIZATION_LEVEL = 0;
				GCC_PREPROCESSOR_DEFINITIONS = (
					"DEBUG=1",
					"$(inherited)",
				);
				GCC_WARN_64_TO_32_BIT_CONVERSION = YES;
				GCC_WARN_ABOUT_RETURN_TYPE = YES_ERROR;
				GCC_WARN_UNDECLARED_SELECTOR = YES;
				GCC_WARN_UNINITIALIZED_AUTOS = YES_AGGRESSIVE;
				GCC_WARN_UNUSED_FUNCTION = YES;
				GCC_WARN_UNUSED_VARIABLE = YES;
				IPHONEOS_DEPLOYMENT_TARGET = 10.0;
				MTL_ENABLE_DEBUG_INFO = YES;
				ONLY_ACTIVE_ARCH = YES;
				SDKROOT = iphoneos;
				SWIFT_ACTIVE_COMPILATION_CONDITIONS = DEBUG;
				SWIFT_OPTIMIZATION_LEVEL = "-Onone";
			};
			name = Debug;
		};
		D011DA0C1FB12C28002F95D7 /* Release */ = {
			isa = XCBuildConfiguration;
			buildSettings = {
				ALWAYS_SEARCH_USER_PATHS = NO;
				CLANG_ANALYZER_NONNULL = YES;
				CLANG_ANALYZER_NUMBER_OBJECT_CONVERSION = YES_AGGRESSIVE;
				CLANG_CXX_LANGUAGE_STANDARD = "gnu++14";
				CLANG_CXX_LIBRARY = "libc++";
				CLANG_ENABLE_MODULES = YES;
				CLANG_ENABLE_OBJC_ARC = YES;
				CLANG_WARN_BLOCK_CAPTURE_AUTORELEASING = YES;
				CLANG_WARN_BOOL_CONVERSION = YES;
				CLANG_WARN_COMMA = YES;
				CLANG_WARN_CONSTANT_CONVERSION = YES;
				CLANG_WARN_DIRECT_OBJC_ISA_USAGE = YES_ERROR;
				CLANG_WARN_DOCUMENTATION_COMMENTS = YES;
				CLANG_WARN_EMPTY_BODY = YES;
				CLANG_WARN_ENUM_CONVERSION = YES;
				CLANG_WARN_INFINITE_RECURSION = YES;
				CLANG_WARN_INT_CONVERSION = YES;
				CLANG_WARN_NON_LITERAL_NULL_CONVERSION = YES;
				CLANG_WARN_OBJC_LITERAL_CONVERSION = YES;
				CLANG_WARN_OBJC_ROOT_CLASS = YES_ERROR;
				CLANG_WARN_RANGE_LOOP_ANALYSIS = YES;
				CLANG_WARN_STRICT_PROTOTYPES = YES;
				CLANG_WARN_SUSPICIOUS_MOVE = YES;
				CLANG_WARN_UNGUARDED_AVAILABILITY = YES_AGGRESSIVE;
				CLANG_WARN_UNREACHABLE_CODE = YES;
				CLANG_WARN__DUPLICATE_METHOD_MATCH = YES;
				CODE_SIGN_IDENTITY = "iPhone Developer";
				COPY_PHASE_STRIP = NO;
				DEBUG_INFORMATION_FORMAT = "dwarf-with-dsym";
				ENABLE_NS_ASSERTIONS = NO;
				ENABLE_STRICT_OBJC_MSGSEND = YES;
				GCC_C_LANGUAGE_STANDARD = gnu11;
				GCC_NO_COMMON_BLOCKS = YES;
				GCC_WARN_64_TO_32_BIT_CONVERSION = YES;
				GCC_WARN_ABOUT_RETURN_TYPE = YES_ERROR;
				GCC_WARN_UNDECLARED_SELECTOR = YES;
				GCC_WARN_UNINITIALIZED_AUTOS = YES_AGGRESSIVE;
				GCC_WARN_UNUSED_FUNCTION = YES;
				GCC_WARN_UNUSED_VARIABLE = YES;
				IPHONEOS_DEPLOYMENT_TARGET = 10.0;
				MTL_ENABLE_DEBUG_INFO = NO;
				SDKROOT = iphoneos;
				SWIFT_OPTIMIZATION_LEVEL = "-Owholemodule";
				VALIDATE_PRODUCT = YES;
			};
			name = Release;
		};
		D011DA0E1FB12C28002F95D7 /* Debug */ = {
			isa = XCBuildConfiguration;
			baseConfigurationReference = 968F28E9495644709516B82B /* Pods-WhatsThat.debug.xcconfig */;
			buildSettings = {
				ASSETCATALOG_COMPILER_APPICON_NAME = AppIcon;
				"CODE_SIGN_IDENTITY[sdk=iphoneos*]" = "iPhone Developer";
				CODE_SIGN_STYLE = Automatic;
				DEVELOPMENT_TEAM = V97ZQFVX96;
				INFOPLIST_FILE = "$(SRCROOT)/WhatsThat/Info.plist";
				LD_RUNPATH_SEARCH_PATHS = "$(inherited) @executable_path/Frameworks";
				PRODUCT_BUNDLE_IDENTIFIER = edu.gwu.WhatsThatApp;
				PRODUCT_NAME = "$(TARGET_NAME)";
				PROVISIONING_PROFILE_SPECIFIER = "";
				SWIFT_VERSION = 4.0;
				TARGETED_DEVICE_FAMILY = "1,2";
			};
			name = Debug;
		};
		D011DA0F1FB12C28002F95D7 /* Release */ = {
			isa = XCBuildConfiguration;
			baseConfigurationReference = F7C4ABD3181528B1B2428CEC /* Pods-WhatsThat.release.xcconfig */;
			buildSettings = {
				ASSETCATALOG_COMPILER_APPICON_NAME = AppIcon;
				"CODE_SIGN_IDENTITY[sdk=iphoneos*]" = "iPhone Developer";
				CODE_SIGN_STYLE = Automatic;
				DEVELOPMENT_TEAM = V97ZQFVX96;
				INFOPLIST_FILE = "$(SRCROOT)/WhatsThat/Info.plist";
				LD_RUNPATH_SEARCH_PATHS = "$(inherited) @executable_path/Frameworks";
				PRODUCT_BUNDLE_IDENTIFIER = edu.gwu.WhatsThatApp;
				PRODUCT_NAME = "$(TARGET_NAME)";
				PROVISIONING_PROFILE_SPECIFIER = "";
				SWIFT_VERSION = 4.0;
				TARGETED_DEVICE_FAMILY = "1,2";
			};
			name = Release;
		};
/* End XCBuildConfiguration section */

/* Begin XCConfigurationList section */
		D011D9F61FB12C28002F95D7 /* Build configuration list for PBXProject "WhatsThat" */ = {
			isa = XCConfigurationList;
			buildConfigurations = (
				D011DA0B1FB12C28002F95D7 /* Debug */,
				D011DA0C1FB12C28002F95D7 /* Release */,
			);
			defaultConfigurationIsVisible = 0;
			defaultConfigurationName = Release;
		};
		D011DA0D1FB12C28002F95D7 /* Build configuration list for PBXNativeTarget "WhatsThat" */ = {
			isa = XCConfigurationList;
			buildConfigurations = (
				D011DA0E1FB12C28002F95D7 /* Debug */,
				D011DA0F1FB12C28002F95D7 /* Release */,
			);
			defaultConfigurationIsVisible = 0;
			defaultConfigurationName = Release;
		};
/* End XCConfigurationList section */
	};
	rootObject = D011D9F31FB12C28002F95D7 /* Project object */;
}
